dependencies:
- name: opsramp-tracing-proxy
  repository: file://deps/opsramp-tracing-proxy
  version: 17.0.2
- name: opentelemetry-operator
  repository: https://open-telemetry.github.io/opentelemetry-helm-charts
  version: 0.53.2
- name: kube-state-metrics
  repository: https://prometheus-community.github.io/helm-charts
  version: 5.18.0
- name: prometheus-node-exporter
  repository: https://prometheus-community.github.io/helm-charts
  version: 4.32.0
digest: sha256:16ccf40bc1545e61e1892de69961af93d65f4b41c00b7166b626b3d9bab06032
generated: "2024-04-11T09:39:10.569214+05:30"
