dependencies:
- name: opsramp-tracing-proxy
  repository: file://deps/opsramp-tracing-proxy
  version: 17.0.2
- name: opentelemetry-operator
  repository: https://open-telemetry.github.io/opentelemetry-helm-charts
  version: 0.53.2
- name: kube-state-metrics
  repository: https://prometheus-community.github.io/helm-charts
  version: 5.18.0
- name: prometheus-node-exporter
  repository: https://prometheus-community.github.io/helm-charts
  version: 4.32.0
digest: sha256:a1734dd22ecbab51cf1ae95deeb0e533eeb07e8ab36c65335f8cf574c1d8ad54
generated: "2024-05-02T13:01:40.38361+05:30"
